
Microsoft Visual Studio Solution File, Format Version 12.00
# Visual Studio Version 17
VisualStudioVersion = 17.0.0.0
MinimumVisualStudioVersion = 10.0.40219.1
Project("{FAE04EC0-301F-11D3-BF4B-00C04F79EFBC}") = "GreenDistrict.Simulation", "GreenDistrict.Simulation\GreenDistrict.Simulation.csproj", "{9B1F6A8E-2C3D-4D7A-9E4B-3C5F6A7B8C9D}"
EndProject
Project("{FAE04EC0-301F-11D3-BF4B-00C04F79EFBC}") = "GreenDistrict.Tests", "GreenDistrict.Tests\GreenDistrict.Tests.csproj", "{4A2E7F90-1B2C-4D3E-8F7A-2B3C4D5E6F70}"
EndProject
Project("{FAE04EC0-301F-11D3-BF4B-00C04F79EFBC}") = "GreenDistrict.Cli", "GreenDistrict.Cli\GreenDistrict.Cli.csproj", "{DF002E3A-E2DE-45D5-A268-A29C449D8187}"
EndProject
Project("{FAE04EC0-301F-11D3-BF4B-00C04F79EFBC}") = "GreenDistrict.Godot", "..\godot\GreenDistrict.Godot.csproj", "{B80C9429-A447-4D0D-986B-C99F2879752B}"
EndProject
Global
  GlobalSection(SolutionConfigurationPlatforms) = preSolution
    Debug|Any CPU = Debug|Any CPU
    Release|Any CPU = Release|Any CPU
  EndGlobalSection
  GlobalSection(ProjectConfigurationPlatforms) = postSolution
    {9B1F6A8E-2C3D-4D7A-9E4B-3C5F6A7B8C9D}.Debug|Any CPU.ActiveCfg = Debug|Any CPU
    {9B1F6A8E-2C3D-4D7A-9E4B-3C5F6A7B8C9D}.Debug|Any CPU.Build.0 = Debug|Any CPU
    {9B1F6A8E-2C3D-4D7A-9E4B-3C5F6A7B8C9D}.Release|Any CPU.ActiveCfg = Release|Any CPU
    {9B1F6A8E-2C3D-4D7A-9E4B-3C5F6A7B8C9D}.Release|Any CPU.Build.0 = Release|Any CPU
    {4A2E7F90-1B2C-4D3E-8F7A-2B3C4D5E6F70}.Debug|Any CPU.ActiveCfg = Debug|Any CPU
    {4A2E7F90-1B2C-4D3E-8F7A-2B3C4D5E6F70}.Debug|Any CPU.Build.0 = Debug|Any CPU
    {4A2E7F90-1B2C-4D3E-8F7A-2B3C4D5E6F70}.Release|Any CPU.ActiveCfg = Release|Any CPU
    {4A2E7F90-1B2C-4D3E-8F7A-2B3C4D5E6F70}.Release|Any CPU.Build.0 = Release|Any CPU
    {DF002E3A-E2DE-45D5-A268-A29C449D8187}.Debug|Any CPU.ActiveCfg = Debug|Any CPU
    {DF002E3A-E2DE-45D5-A268-A29C449D8187}.Debug|Any CPU.Build.0 = Debug|Any CPU
    {DF002E3A-E2DE-45D5-A268-A29C449D8187}.Release|Any CPU.ActiveCfg = Release|Any CPU
    {DF002E3A-E2DE-45D5-A268-A29C449D8187}.Release|Any CPU.Build.0 = Release|Any CPU
    {B80C9429-A447-4D0D-986B-C99F2879752B}.Debug|Any CPU.ActiveCfg = Debug|Any CPU
    {B80C9429-A447-4D0D-986B-C99F2879752B}.Debug|Any CPU.Build.0 = Debug|Any CPU
    {B80C9429-A447-4D0D-986B-C99F2879752B}.Release|Any CPU.ActiveCfg = Release|Any CPU
    {B80C9429-A447-4D0D-986B-C99F2879752B}.Release|Any CPU.Build.0 = Release|Any CPU
  EndGlobalSection
EndGlobal
